
Microsoft Visual Studio Solution File, Format Version 12.00
# Visual Studio 14
VisualStudioVersion = 14.0.25420.1
MinimumVisualStudioVersion = 10.0.40219.1
Project("{FAE04EC0-301F-11D3-BF4B-00C04F79EFBC}") = "BprWilisService", "TransportService\BprWilisService.csproj", "{2C8813F9-8EF9-4E93-97CA-A02D8266EC71}"
EndProject
Project("{FAE04EC0-301F-11D3-BF4B-00C04F79EFBC}") = "Core", "Core\Core.csproj", "{9605CAEF-5BC4-4BBA-A77D-D7BDD55EB856}"
EndProject
Global
	GlobalSection(SolutionConfigurationPlatforms) = preSolution
		Debug|Any CPU = Debug|Any CPU
		Release|Any CPU = Release|Any CPU
	EndGlobalSection
	GlobalSection(ProjectConfigurationPlatforms) = postSolution
		{2C8813F9-8EF9-4E93-97CA-A02D8266EC71}.Debug|Any CPU.ActiveCfg = Debug|Any CPU
		{2C8813F9-8EF9-4E93-97CA-A02D8266EC71}.Debug|Any CPU.Build.0 = Debug|Any CPU
		{2C8813F9-8EF9-4E93-97CA-A02D8266EC71}.Release|Any CPU.ActiveCfg = Release|Any CPU
		{2C8813F9-8EF9-4E93-97CA-A02D8266EC71}.Release|Any CPU.Build.0 = Release|Any CPU
		{9605CAEF-5BC4-4BBA-A77D-D7BDD55EB856}.Debug|Any CPU.ActiveCfg = Debug|Any CPU
		{9605CAEF-5BC4-4BBA-A77D-D7BDD55EB856}.Debug|Any CPU.Build.0 = Debug|Any CPU
		{9605CAEF-5BC4-4BBA-A77D-D7BDD55EB856}.Release|Any CPU.ActiveCfg = Release|Any CPU
		{9605CAEF-5BC4-4BBA-A77D-D7BDD55EB856}.Release|Any CPU.Build.0 = Release|Any CPU
	EndGlobalSection
	GlobalSection(SolutionProperties) = preSolution
		HideSolutionNode = FALSE
	EndGlobalSection
EndGlobal
